
Microsoft Visual Studio Solution File, Format Version 12.00
# Visual Studio 15
VisualStudioVersion = 15.0.28010.2019
MinimumVisualStudioVersion = 10.0.40219.1
Project("{8BC9CEB8-8B4A-11D0-8D11-00A0C91BC942}") = "noticer", "noticer\noticer.vcxproj", "{25A4CBEB-6A0B-4959-859A-6C8C48C4E762}"
EndProject
Global
	GlobalSection(SolutionConfigurationPlatforms) = preSolution
		Debug|x64 = Debug|x64
		Debug|x86 = Debug|x86
		Release|x64 = Release|x64
		Release|x86 = Release|x86
	EndGlobalSection
	GlobalSection(ProjectConfigurationPlatforms) = postSolution
		{25A4CBEB-6A0B-4959-859A-6C8C48C4E762}.Debug|x64.ActiveCfg = Debug|x64
		{25A4CBEB-6A0B-4959-859A-6C8C48C4E762}.Debug|x64.Build.0 = Debug|x64
		{25A4CBEB-6A0B-4959-859A-6C8C48C4E762}.Debug|x86.ActiveCfg = Debug|Win32
		{25A4CBEB-6A0B-4959-859A-6C8C48C4E762}.Debug|x86.Build.0 = Debug|Win32
		{25A4CBEB-6A0B-4959-859A-6C8C48C4E762}.Release|x64.ActiveCfg = Release|x64
		{25A4CBEB-6A0B-4959-859A-6C8C48C4E762}.Release|x64.Build.0 = Release|x64
		{25A4CBEB-6A0B-4959-859A-6C8C48C4E762}.Release|x86.ActiveCfg = Release|Win32
		{25A4CBEB-6A0B-4959-859A-6C8C48C4E762}.Release|x86.Build.0 = Release|Win32
	EndGlobalSection
	GlobalSection(SolutionProperties) = preSolution
		HideSolutionNode = FALSE
	EndGlobalSection
	GlobalSection(ExtensibilityGlobals) = postSolution
		SolutionGuid = {B79E579A-EA4A-4C27-B87F-33DF4F7985CA}
	EndGlobalSection
EndGlobal
