<?xml version="1.0" encoding="utf-8"?>
<Project ToolsVersion="4.0" xmlns="http://schemas.microsoft.com/developer/msbuild/2003">
  <ItemGroup>
    <Filter Include="1 Header Files">
      <UniqueIdentifier>{93995380-89BD-4b04-88EB-625FBE52EBFB}</UniqueIdentifier>
      <Extensions>h;hh;hpp;hxx;hm;inl;inc;ipp;xsd</Extensions>
    </Filter>
    <Filter Include="2 Source Files">
      <UniqueIdentifier>{4FC737F1-C7A5-4376-A066-2A32D752A2FF}</UniqueIdentifier>
      <Extensions>cpp;c;cc;cxx;def;odl;idl;hpj;bat;asm;asmx</Extensions>
    </Filter>
    <Filter Include="3 Resource Files">
      <UniqueIdentifier>{67DA6AB6-F800-4c08-8B7A-83BB121AAD01}</UniqueIdentifier>
      <Extensions>rc;ico;cur;bmp;dlg;rc2;rct;bin;rgs;gif;jpg;jpeg;jpe;resx;tiff;tif;png;wav;mfcribbon-ms</Extensions>
    </Filter>
    <Filter Include="4 dist">
      <UniqueIdentifier>{68de1016-8096-4347-99a4-e1ff47231e00}</UniqueIdentifier>
    </Filter>
    <Filter Include="1 Header Files\lsMisc">
      <UniqueIdentifier>{dd108af8-87f7-4fca-9191-8e4ac01dc14b}</UniqueIdentifier>
    </Filter>
    <Filter Include="2 Source Files\lsMisc">
      <UniqueIdentifier>{7f97f00e-3d99-4272-807a-18c5e1805aac}</UniqueIdentifier>
    </Filter>
  </ItemGroup>
  <ItemGroup>
    <ClInclude Include="stdafx.h">
      <Filter>1 Header Files</Filter>
    </ClInclude>
    <ClInclude Include="targetver.h">
      <Filter>1 Header Files</Filter>
    </ClInclude>
    <ClInclude Include="Resource.h">
      <Filter>1 Header Files</Filter>
    </ClInclude>
    <ClInclude Include="noticer.h">
      <Filter>1 Header Files</Filter>
    </ClInclude>
    <ClInclude Include="..\..\lsMisc\CommandLineParser.h">
      <Filter>1 Header Files\lsMisc</Filter>
    </ClInclude>
    <ClInclude Include="..\..\lsMisc\GetClipboardText.h">
      <Filter>1 Header Files\lsMisc</Filter>
    </ClInclude>
    <ClInclude Include="..\..\lsMisc\GetLastErrorString.h">
      <Filter>1 Header Files\lsMisc</Filter>
    </ClInclude>
    <ClInclude Include="..\..\lsMisc\OpenCommon.h">
      <Filter>1 Header Files\lsMisc</Filter>
    </ClInclude>
    <ClInclude Include="..\..\lsMisc\UrlEncode.h">
      <Filter>1 Header Files\lsMisc</Filter>
    </ClInclude>
    <ClInclude Include="..\..\lsMisc\UTF16toUTF8.h">
      <Filter>1 Header Files\lsMisc</Filter>
    </ClInclude>
    <ClInclude Include="..\..\lsMisc\GetFilesInfo.h">
      <Filter>1 Header Files\lsMisc</Filter>
    </ClInclude>
    <ClInclude Include="..\..\lsMisc\HighDPI.h">
      <Filter>1 Header Files\lsMisc</Filter>
    </ClInclude>
    <ClInclude Include="..\..\lsMisc\SetClipboardText.h">
      <Filter>1 Header Files\lsMisc</Filter>
    </ClInclude>
    <ClInclude Include="..\..\lsMisc\stdosd\stdosd.h">
      <Filter>1 Header Files\lsMisc</Filter>
    </ClInclude>
  </ItemGroup>
  <ItemGroup>
    <ClCompile Include="stdafx.cpp">
      <Filter>2 Source Files</Filter>
    </ClCompile>
    <ClCompile Include="noticer.cpp">
      <Filter>2 Source Files</Filter>
    </ClCompile>
    <ClCompile Include="..\..\lsMisc\CommandLineParser.cpp">
      <Filter>2 Source Files\lsMisc</Filter>
    </ClCompile>
    <ClCompile Include="..\..\lsMisc\GetClipboardText.cpp">
      <Filter>2 Source Files\lsMisc</Filter>
    </ClCompile>
    <ClCompile Include="..\..\lsMisc\GetLastErrorString.cpp">
      <Filter>2 Source Files\lsMisc</Filter>
    </ClCompile>
    <ClCompile Include="..\..\lsMisc\OpenCommon.cpp">
      <Filter>2 Source Files\lsMisc</Filter>
    </ClCompile>
    <ClCompile Include="..\..\lsMisc\UrlEncode.cpp">
      <Filter>2 Source Files\lsMisc</Filter>
    </ClCompile>
    <ClCompile Include="..\..\lsMisc\UTF16toUTF8.cpp">
      <Filter>2 Source Files\lsMisc</Filter>
    </ClCompile>
    <ClCompile Include="..\..\lsMisc\GetFilesInfo.cpp">
      <Filter>2 Source Files\lsMisc</Filter>
    </ClCompile>
    <ClCompile Include="..\..\lsMisc\HighDPI.cpp">
      <Filter>2 Source Files\lsMisc</Filter>
    </ClCompile>
    <ClCompile Include="..\..\lsMisc\SetClipboardText.cpp">
      <Filter>2 Source Files\lsMisc</Filter>
    </ClCompile>
    <ClCompile Include="..\..\lsMisc\stdosd\stdosd.cpp">
      <Filter>2 Source Files\lsMisc</Filter>
    </ClCompile>
    <ClCompile Include="..\..\lsMisc\stdosd\stdosd_win.cpp">
      <Filter>2 Source Files\lsMisc</Filter>
    </ClCompile>
  </ItemGroup>
  <ItemGroup>
    <ResourceCompile Include="noticer.rc">
      <Filter>3 Resource Files</Filter>
    </ResourceCompile>
  </ItemGroup>
  <ItemGroup>
    <Image Include="small.ico">
      <Filter>3 Resource Files</Filter>
    </Image>
    <Image Include="noticer.ico">
      <Filter>3 Resource Files</Filter>
    </Image>
  </ItemGroup>
  <ItemGroup>
    <Text Include="..\dist\history.txt">
      <Filter>4 dist</Filter>
    </Text>
  </ItemGroup>
</Project>